
Microsoft Visual Studio Solution File, Format Version 12.00
Project("{FAE04EC0-301F-11D3-BF4B-00C04F79EFBC}") = "TreeDemo", "TreeDemo\TreeDemo.csproj", "{4D4C79EC-099F-478F-B60A-4520D81B099F}"
EndProject
Global
	GlobalSection(SolutionConfigurationPlatforms) = preSolution
		Debug|Any CPU = Debug|Any CPU
		Release|Any CPU = Release|Any CPU
	EndGlobalSection
	GlobalSection(ProjectConfigurationPlatforms) = postSolution
		{4D4C79EC-099F-478F-B60A-4520D81B099F}.Debug|Any CPU.ActiveCfg = Debug|Any CPU
		{4D4C79EC-099F-478F-B60A-4520D81B099F}.Debug|Any CPU.Build.0 = Debug|Any CPU
		{4D4C79EC-099F-478F-B60A-4520D81B099F}.Release|Any CPU.ActiveCfg = Release|Any CPU
		{4D4C79EC-099F-478F-B60A-4520D81B099F}.Release|Any CPU.Build.0 = Release|Any CPU
	EndGlobalSection
EndGlobal
